
Microsoft Visual Studio Solution File, Format Version 12.00
# Visual Studio Version 17
VisualStudioVersion = 17.2.32630.192
MinimumVisualStudioVersion = 10.0.40219.1
Project("{FAE04EC0-301F-11D3-BF4B-00C04F79EFBC}") = "TCC1", "TCC1.csproj", "{A1920169-E9B4-43F1-A619-4B306743F580}"
EndProject
Global
	GlobalSection(SolutionConfigurationPlatforms) = preSolution
		Debug|Any CPU = Debug|Any CPU
		Release|Any CPU = Release|Any CPU
	EndGlobalSection
	GlobalSection(ProjectConfigurationPlatforms) = postSolution
		{A1920169-E9B4-43F1-A619-4B306743F580}.Debug|Any CPU.ActiveCfg = Debug|Any CPU
		{A1920169-E9B4-43F1-A619-4B306743F580}.Debug|Any CPU.Build.0 = Debug|Any CPU
		{A1920169-E9B4-43F1-A619-4B306743F580}.Release|Any CPU.ActiveCfg = Release|Any CPU
		{A1920169-E9B4-43F1-A619-4B306743F580}.Release|Any CPU.Build.0 = Release|Any CPU
	EndGlobalSection
	GlobalSection(SolutionProperties) = preSolution
		HideSolutionNode = FALSE
	EndGlobalSection
	GlobalSection(ExtensibilityGlobals) = postSolution
		SolutionGuid = {5B972796-5D07-4DA4-889D-439FBE3F39D9}
	EndGlobalSection
EndGlobal
